
Microsoft Visual Studio Solution File, Format Version 12.00
# Visual Studio Version 17
VisualStudioVersion = 17.3.32819.101
MinimumVisualStudioVersion = 10.0.40219.1
Project("{9A19103F-16F7-4668-BE54-9A1E7A4F7556}") = "core", "core.csproj", "{B63D2E19-C318-4884-831A-C9836E68D449}"
EndProject
Project("{9A19103F-16F7-4668-BE54-9A1E7A4F7556}") = "tests", "..\tests\tests.csproj", "{F6756ED2-A0A7-4297-AEAB-3E2F8F506167}"
EndProject
Global
	GlobalSection(SolutionConfigurationPlatforms) = preSolution
		Debug|Any CPU = Debug|Any CPU
		Release|Any CPU = Release|Any CPU
	EndGlobalSection
	GlobalSection(ProjectConfigurationPlatforms) = postSolution
		{B63D2E19-C318-4884-831A-C9836E68D449}.Debug|Any CPU.ActiveCfg = Debug|Any CPU
		{B63D2E19-C318-4884-831A-C9836E68D449}.Debug|Any CPU.Build.0 = Debug|Any CPU
		{B63D2E19-C318-4884-831A-C9836E68D449}.Release|Any CPU.ActiveCfg = Release|Any CPU
		{B63D2E19-C318-4884-831A-C9836E68D449}.Release|Any CPU.Build.0 = Release|Any CPU
		{F6756ED2-A0A7-4297-AEAB-3E2F8F506167}.Debug|Any CPU.ActiveCfg = Debug|Any CPU
		{F6756ED2-A0A7-4297-AEAB-3E2F8F506167}.Debug|Any CPU.Build.0 = Debug|Any CPU
		{F6756ED2-A0A7-4297-AEAB-3E2F8F506167}.Release|Any CPU.ActiveCfg = Release|Any CPU
		{F6756ED2-A0A7-4297-AEAB-3E2F8F506167}.Release|Any CPU.Build.0 = Release|Any CPU
	EndGlobalSection
	GlobalSection(SolutionProperties) = preSolution
		HideSolutionNode = FALSE
	EndGlobalSection
	GlobalSection(ExtensibilityGlobals) = postSolution
		SolutionGuid = {F0494179-93B1-4E13-91AB-1D09B75F452D}
	EndGlobalSection
EndGlobal
